// !$*UTF8*$!
{
	archiveVersion = 1;
	classes = {
	};
	objectVersion = 46;
	objects = {

/* Begin PBXBuildFile section */
		CCB5E4411D6ECEE2006FD577 /* main.m in Sources */ = {isa = PBXBuildFile; fileRef = CCB5E4401D6ECEE2006FD577 /* main.m */; };
		CCB5E4441D6ECEE2006FD577 /* AppDelegate.m in Sources */ = {isa = PBXBuildFile; fileRef = CCB5E4431D6ECEE2006FD577 /* AppDelegate.m */; };
		CCB5E44A1D6ECEE2006FD577 /* Main.storyboard in Resources */ = {isa = PBXBuildFile; fileRef = CCB5E4481D6ECEE2006FD577 /* Main.storyboard */; };
		CCB5E44C1D6ECEE2006FD577 /* Assets.xcassets in Resources */ = {isa = PBXBuildFile; fileRef = CCB5E44B1D6ECEE2006FD577 /* Assets.xcassets */; };
		CCB5E44F1D6ECEE3006FD577 /* LaunchScreen.storyboard in Resources */ = {isa = PBXBuildFile; fileRef = CCB5E44D1D6ECEE3006FD577 /* LaunchScreen.storyboard */; };
		CCB5E4581D6ECF0D006FD577 /* SiderslipVC.m in Sources */ = {isa = PBXBuildFile; fileRef = CCB5E4571D6ECF0D006FD577 /* SiderslipVC.m */; };
/* End PBXBuildFile section */

/* Begin PBXFileReference section */
		CCB5E43C1D6ECEE2006FD577 /* Siderslip.app */ = {isa = PBXFileReference; explicitFileType = wrapper.application; includeInIndex = 0; path = Siderslip.app; sourceTree = BUILT_PRODUCTS_DIR; };
		CCB5E4401D6ECEE2006FD577 /* main.m */ = {isa = PBXFileReference; lastKnownFileType = sourcecode.c.objc; path = main.m; sourceTree = "<group>"; };
		CCB5E4421D6ECEE2006FD577 /* AppDelegate.h */ = {isa = PBXFileReference; lastKnownFileType = sourcecode.c.h; path = AppDelegate.h; sourceTree = "<group>"; };
		CCB5E4431D6ECEE2006FD577 /* AppDelegate.m */ = {isa = PBXFileReference; lastKnownFileType = sourcecode.c.objc; path = AppDelegate.m; sourceTree = "<group>"; };
		CCB5E4491D6ECEE2006FD577 /* Base */ = {isa = PBXFileReference; lastKnownFileType = file.storyboard; name = Base; path = Base.lproj/Main.storyboard; sourceTree = "<group>"; };
		CCB5E44B1D6ECEE2006FD577 /* Assets.xcassets */ = {isa = PBXFileReference; lastKnownFileType = folder.assetcatalog; path = Assets.xcassets; sourceTree = "<group>"; };
		CCB5E44E1D6ECEE3006FD577 /* Base */ = {isa = PBXFileReference; lastKnownFileType = file.storyboard; name = Base; path = Base.lproj/LaunchScreen.storyboard; sourceTree = "<group>"; };
		CCB5E4501D6ECEE3006FD577 /* Info.plist */ = {isa = PBXFileReference; lastKnownFileType = text.plist.xml; path = Info.plist; sourceTree = "<group>"; };
		CCB5E4561D6ECF0D006FD577 /* SiderslipVC.h */ = {isa = PBXFileReference; fileEncoding = 4; lastKnownFileType = sourcecode.c.h; path = SiderslipVC.h; sourceTree = "<group>"; };
		CCB5E4571D6ECF0D006FD577 /* SiderslipVC.m */ = {isa = PBXFileReference; fileEncoding = 4; lastKnownFileType = sourcecode.c.objc; path = SiderslipVC.m; sourceTree = "<group>"; };
/* End PBXFileReference section */

/* Begin PBXFrameworksBuildPhase section */
		CCB5E4391D6ECEE2006FD577 /* Frameworks */ = {
			isa = PBXFrameworksBuildPhase;
			buildActionMask = 2147483647;
			files = (
			);
			runOnlyForDeploymentPostprocessing = 0;
		};
/* End PBXFrameworksBuildPhase section */

/* Begin PBXGroup section */
		CCB5E4331D6ECEE2006FD577 = {
			isa = PBXGroup;
			children = (
				CCB5E43E1D6ECEE2006FD577 /* Siderslip */,
				CCB5E43D1D6ECEE2006FD577 /* Products */,
			);
			sourceTree = "<group>";
		};
		CCB5E43D1D6ECEE2006FD577 /* Products */ = {
			isa = PBXGroup;
			children = (
				CCB5E43C1D6ECEE2006FD577 /* Siderslip.app */,
			);
			name = Products;
			sourceTree = "<group>";
		};
		CCB5E43E1D6ECEE2006FD577 /* Siderslip */ = {
			isa = PBXGroup;
			children = (
				CCB5E4421D6ECEE2006FD577 /* AppDelegate.h */,
				CCB5E4431D6ECEE2006FD577 /* AppDelegate.m */,
				CCB5E4561D6ECF0D006FD577 /* SiderslipVC.h */,
				CCB5E4571D6ECF0D006FD577 /* SiderslipVC.m */,
				CCB5E4481D6ECEE2006FD577 /* Main.storyboard */,
				CCB5E44B1D6ECEE2006FD577 /* Assets.xcassets */,
				CCB5E44D1D6ECEE3006FD577 /* LaunchScreen.storyboard */,
				CCB5E4501D6ECEE3006FD577 /* Info.plist */,
				CCB5E43F1D6ECEE2006FD577 /* Supporting Files */,
			);
			path = Siderslip;
			sourceTree = "<group>";
		};
		CCB5E43F1D6ECEE2006FD577 /* Supporting Files */ = {
			isa = PBXGroup;
			children = (
				CCB5E4401D6ECEE2006FD577 /* main.m */,
			);
			name = "Supporting Files";
			sourceTree = "<group>";
		};
/* End PBXGroup section */

/* Begin PBXNativeTarget section */
		CCB5E43B1D6ECEE2006FD577 /* Siderslip */ = {
			isa = PBXNativeTarget;
			buildConfigurationList = CCB5E4531D6ECEE3006FD577 /* Build configuration list for PBXNativeTarget "Siderslip" */;
			buildPhases = (
				CCB5E4381D6ECEE2006FD577 /* Sources */,
				CCB5E4391D6ECEE2006FD577 /* Frameworks */,
				CCB5E43A1D6ECEE2006FD577 /* Resources */,
			);
			buildRules = (
			);
			dependencies = (
			);
			name = Siderslip;
			productName = Siderslip;
			productReference = CCB5E43C1D6ECEE2006FD577 /* Siderslip.app */;
			productType = "com.apple.product-type.application";
		};
/* End PBXNativeTarget section */

/* Begin PBXProject section */
		CCB5E4341D6ECEE2006FD577 /* Project object */ = {
			isa = PBXProject;
			attributes = {
				LastUpgradeCheck = 0730;
				ORGANIZATIONNAME = qingyun;
				TargetAttributes = {
					CCB5E43B1D6ECEE2006FD577 = {
						CreatedOnToolsVersion = 7.3;
					};
				};
			};
			buildConfigurationList = CCB5E4371D6ECEE2006FD577 /* Build configuration list for PBXProject "Siderslip" */;
			compatibilityVersion = "Xcode 3.2";
			developmentRegion = English;
			hasScannedForEncodings = 0;
			knownRegions = (
				en,
				Base,
			);
			mainGroup = CCB5E4331D6ECEE2006FD577;
			productRefGroup = CCB5E43D1D6ECEE2006FD577 /* Products */;
			projectDirPath = "";
			projectRoot = "";
			targets = (
				CCB5E43B1D6ECEE2006FD577 /* Siderslip */,
			);
		};
/* End PBXProject section */

/* Begin PBXResourcesBuildPhase section */
		CCB5E43A1D6ECEE2006FD577 /* Resources */ = {
			isa = PBXResourcesBuildPhase;
			buildActionMask = 2147483647;
			files = (
				CCB5E44F1D6ECEE3006FD577 /* LaunchScreen.storyboard in Resources */,
				CCB5E44C1D6ECEE2006FD577 /* Assets.xcassets in Resources */,
				CCB5E44A1D6ECEE2006FD577 /* Main.storyboard in Resources */,
			);
			runOnlyForDeploymentPostprocessing = 0;
		};
/* End PBXResourcesBuildPhase section */

/* Begin PBXSourcesBuildPhase section */
		CCB5E4381D6ECEE2006FD577 /* Sources */ = {
			isa = PBXSourcesBuildPhase;
			buildActionMask = 2147483647;
			files = (
				CCB5E4441D6ECEE2006FD577 /* AppDelegate.m in Sources */,
				CCB5E4581D6ECF0D006FD577 /* SiderslipVC.m in Sources */,
				CCB5E4411D6ECEE2006FD577 /* main.m in Sources */,
			);
			runOnlyForDeploymentPostprocessing = 0;
		};
/* End PBXSourcesBuildPhase section */

/* Begin PBXVariantGroup section */
		CCB5E4481D6ECEE2006FD577 /* Main.storyboard */ = {
			isa = PBXVariantGroup;
			children = (
				CCB5E4491D6ECEE2006FD577 /* Base */,
			);
			name = Main.storyboard;
			sourceTree = "<group>";
		};
		CCB5E44D1D6ECEE3006FD577 /* LaunchScreen.storyboard */ = {
			isa = PBXVariantGroup;
			children = (
				CCB5E44E1D6ECEE3006FD577 /* Base */,
			);
			name = LaunchScreen.storyboard;
			sourceTree = "<group>";
		};
/* End PBXVariantGroup section */

/* Begin XCBuildConfiguration section */
		CCB5E4511D6ECEE3006FD577 /* Debug */ = {
			isa = XCBuildConfiguration;
			buildSettings = {
				ALWAYS_SEARCH_USER_PATHS = NO;
				CLANG_ANALYZER_NONNULL = YES;
				CLANG_CXX_LANGUAGE_STANDARD = "gnu++0x";
				CLANG_CXX_LIBRARY = "libc++";
				CLANG_ENABLE_MODULES = YES;
				CLANG_ENABLE_OBJC_ARC = YES;
				CLANG_WARN_BOOL_CONVERSION = YES;
				CLANG_WARN_CONSTANT_CONVERSION = YES;
				CLANG_WARN_DIRECT_OBJC_ISA_USAGE = YES_ERROR;
				CLANG_WARN_EMPTY_BODY = YES;
				CLANG_WARN_ENUM_CONVERSION = YES;
				CLANG_WARN_INT_CONVERSION = YES;
				CLANG_WARN_OBJC_ROOT_CLASS = YES_ERROR;
				CLANG_WARN_UNREACHABLE_CODE = YES;
				CLANG_WARN__DUPLICATE_METHOD_MATCH = YES;
				"CODE_SIGN_IDENTITY[sdk=iphoneos*]" = "iPhone Developer";
				COPY_PHASE_STRIP = NO;
				DEBUG_INFORMATION_FORMAT = dwarf;
				ENABLE_STRICT_OBJC_MSGSEND = YES;
				ENABLE_TESTABILITY = YES;
				GCC_C_LANGUAGE_STANDARD = gnu99;
				GCC_DYNAMIC_NO_PIC = NO;
				GCC_NO_COMMON_BLOCKS = YES;
				GCC_OPTIMIZATION_LEVEL = 0;
				GCC_PREPROCESSOR_DEFINITIONS = (
					"DEBUG=1",
					"$(inherited)",
				);
				GCC_WARN_64_TO_32_BIT_CONVERSION = YES;
				GCC_WARN_ABOUT_RETURN_TYPE = YES_ERROR;
				GCC_WARN_UNDECLARED_SELECTOR = YES;
				GCC_WARN_UNINITIALIZED_AUTOS = YES_AGGRESSIVE;
				GCC_WARN_UNUSED_FUNCTION = YES;
				GCC_WARN_UNUSED_VARIABLE = YES;
				IPHONEOS_DEPLOYMENT_TARGET = 9.3;
				MTL_ENABLE_DEBUG_INFO = YES;
				ONLY_ACTIVE_ARCH = YES;
				SDKROOT = iphoneos;
			};
			name = Debug;
		};
		CCB5E4521D6ECEE3006FD577 /* Release */ = {
			isa = XCBuildConfiguration;
			buildSettings = {
				ALWAYS_SEARCH_USER_PATHS = NO;
				CLANG_ANALYZER_NONNULL = YES;
				CLANG_CXX_LANGUAGE_STANDARD = "gnu++0x";
				CLANG_CXX_LIBRARY = "libc++";
				CLANG_ENABLE_MODULES = YES;
				CLANG_ENABLE_OBJC_ARC = YES;
				CLANG_WARN_BOOL_CONVERSION = YES;
				CLANG_WARN_CONSTANT_CONVERSION = YES;
				CLANG_WARN_DIRECT_OBJC_ISA_USAGE = YES_ERROR;
				CLANG_WARN_EMPTY_BODY = YES;
				CLANG_WARN_ENUM_CONVERSION = YES;
				CLANG_WARN_INT_CONVERSION = YES;
				CLANG_WARN_OBJC_ROOT_CLASS = YES_ERROR;
				CLANG_WARN_UNREACHABLE_CODE = YES;
				CLANG_WARN__DUPLICATE_METHOD_MATCH = YES;
				"CODE_SIGN_IDENTITY[sdk=iphoneos*]" = "iPhone Developer";
				COPY_PHASE_STRIP = NO;
				DEBUG_INFORMATION_FORMAT = "dwarf-with-dsym";
				ENABLE_NS_ASSERTIONS = NO;
				ENABLE_STRICT_OBJC_MSGSEND = YES;
				GCC_C_LANGUAGE_STANDARD = gnu99;
				GCC_NO_COMMON_BLOCKS = YES;
				GCC_WARN_64_TO_32_BIT_CONVERSION = YES;
				GCC_WARN_ABOUT_RETURN_TYPE = YES_ERROR;
				GCC_WARN_UNDECLARED_SELECTOR = YES;
				GCC_WARN_UNINITIALIZED_AUTOS = YES_AGGRESSIVE;
				GCC_WARN_UNUSED_FUNCTION = YES;
				GCC_WARN_UNUSED_VARIABLE = YES;
				IPHONEOS_DEPLOYMENT_TARGET = 9.3;
				MTL_ENABLE_DEBUG_INFO = NO;
				SDKROOT = iphoneos;
				VALIDATE_PRODUCT = YES;
			};
			name = Release;
		};
		CCB5E4541D6ECEE3006FD577 /* Debug */ = {
			isa = XCBuildConfiguration;
			buildSettings = {
				ASSETCATALOG_COMPILER_APPICON_NAME = AppIcon;
				INFOPLIST_FILE = Siderslip/Info.plist;
				LD_RUNPATH_SEARCH_PATHS = "$(inherited) @executable_path/Frameworks";
				PRODUCT_BUNDLE_IDENTIFIER = com.qingyun.Siderslip;
				PRODUCT_NAME = "$(TARGET_NAME)";
			};
			name = Debug;
		};
		CCB5E4551D6ECEE3006FD577 /* Release */ = {
			isa = XCBuildConfiguration;
			buildSettings = {
				ASSETCATALOG_COMPILER_APPICON_NAME = AppIcon;
				INFOPLIST_FILE = Siderslip/Info.plist;
				LD_RUNPATH_SEARCH_PATHS = "$(inherited) @executable_path/Frameworks";
				PRODUCT_BUNDLE_IDENTIFIER = com.qingyun.Siderslip;
				PRODUCT_NAME = "$(TARGET_NAME)";
			};
			name = Release;
		};
/* End XCBuildConfiguration section */

/* Begin XCConfigurationList section */
		CCB5E4371D6ECEE2006FD577 /* Build configuration list for PBXProject "Siderslip" */ = {
			isa = XCConfigurationList;
			buildConfigurations = (
				CCB5E4511D6ECEE3006FD577 /* Debug */,
				CCB5E4521D6ECEE3006FD577 /* Release */,
			);
			defaultConfigurationIsVisible = 0;
			defaultConfigurationName = Release;
		};
		CCB5E4531D6ECEE3006FD577 /* Build configuration list for PBXNativeTarget "Siderslip" */ = {
			isa = XCConfigurationList;
			buildConfigurations = (
				CCB5E4541D6ECEE3006FD577 /* Debug */,
				CCB5E4551D6ECEE3006FD577 /* Release */,
			);
			defaultConfigurationIsVisible = 0;
		};
/* End XCConfigurationList section */
	};
	rootObject = CCB5E4341D6ECEE2006FD577 /* Project object */;
}
